
Microsoft Visual Studio Solution File, Format Version 12.00
# Visual Studio Version 17
VisualStudioVersion = 17.4.33205.214
MinimumVisualStudioVersion = 10.0.40219.1
Project("{8BC9CEB8-8B4A-11D0-8D11-00A0C91BC942}") = "Implicit Conversion_ExplicitKeyword", "Implicit Conversion_ExplicitKeyword\Implicit Conversion_ExplicitKeyword.vcxproj", "{104F819D-FC72-48A5-B88B-D6B50CA1FE6C}"
EndProject
Global
	GlobalSection(SolutionConfigurationPlatforms) = preSolution
		Debug|x64 = Debug|x64
		Debug|x86 = Debug|x86
		Release|x64 = Release|x64
		Release|x86 = Release|x86
	EndGlobalSection
	GlobalSection(ProjectConfigurationPlatforms) = postSolution
		{104F819D-FC72-48A5-B88B-D6B50CA1FE6C}.Debug|x64.ActiveCfg = Debug|x64
		{104F819D-FC72-48A5-B88B-D6B50CA1FE6C}.Debug|x64.Build.0 = Debug|x64
		{104F819D-FC72-48A5-B88B-D6B50CA1FE6C}.Debug|x86.ActiveCfg = Debug|Win32
		{104F819D-FC72-48A5-B88B-D6B50CA1FE6C}.Debug|x86.Build.0 = Debug|Win32
		{104F819D-FC72-48A5-B88B-D6B50CA1FE6C}.Release|x64.ActiveCfg = Release|x64
		{104F819D-FC72-48A5-B88B-D6B50CA1FE6C}.Release|x64.Build.0 = Release|x64
		{104F819D-FC72-48A5-B88B-D6B50CA1FE6C}.Release|x86.ActiveCfg = Release|Win32
		{104F819D-FC72-48A5-B88B-D6B50CA1FE6C}.Release|x86.Build.0 = Release|Win32
	EndGlobalSection
	GlobalSection(SolutionProperties) = preSolution
		HideSolutionNode = FALSE
	EndGlobalSection
	GlobalSection(ExtensibilityGlobals) = postSolution
		SolutionGuid = {CF467774-139D-470F-82A1-511E95923D4B}
	EndGlobalSection
EndGlobal
