
Microsoft Visual Studio Solution File, Format Version 12.00
# Visual Studio Version 17
VisualStudioVersion = 17.4.33205.214
MinimumVisualStudioVersion = 10.0.40219.1
Project("{8BC9CEB8-8B4A-11D0-8D11-00A0C91BC942}") = "Static_exercise", "Static_exercise\Static_exercise.vcxproj", "{5F363759-F47F-454E-A273-3FF2BC3D97F1}"
EndProject
Global
	GlobalSection(SolutionConfigurationPlatforms) = preSolution
		Debug|x64 = Debug|x64
		Debug|x86 = Debug|x86
		Release|x64 = Release|x64
		Release|x86 = Release|x86
	EndGlobalSection
	GlobalSection(ProjectConfigurationPlatforms) = postSolution
		{5F363759-F47F-454E-A273-3FF2BC3D97F1}.Debug|x64.ActiveCfg = Debug|x64
		{5F363759-F47F-454E-A273-3FF2BC3D97F1}.Debug|x64.Build.0 = Debug|x64
		{5F363759-F47F-454E-A273-3FF2BC3D97F1}.Debug|x86.ActiveCfg = Debug|Win32
		{5F363759-F47F-454E-A273-3FF2BC3D97F1}.Debug|x86.Build.0 = Debug|Win32
		{5F363759-F47F-454E-A273-3FF2BC3D97F1}.Release|x64.ActiveCfg = Release|x64
		{5F363759-F47F-454E-A273-3FF2BC3D97F1}.Release|x64.Build.0 = Release|x64
		{5F363759-F47F-454E-A273-3FF2BC3D97F1}.Release|x86.ActiveCfg = Release|Win32
		{5F363759-F47F-454E-A273-3FF2BC3D97F1}.Release|x86.Build.0 = Release|Win32
	EndGlobalSection
	GlobalSection(SolutionProperties) = preSolution
		HideSolutionNode = FALSE
	EndGlobalSection
	GlobalSection(ExtensibilityGlobals) = postSolution
		SolutionGuid = {FFBA5595-C255-4404-83E8-F12D99863EDC}
	EndGlobalSection
EndGlobal
